// !$*UTF8*$!
{
	archiveVersion = 1;
	classes = {
	};
	objectVersion = 46;
	objects = {

/* Begin PBXBuildFile section */
		0F1A3FE22427A3ED00BD3DD6 /* MidiPlayer.swift in Sources */ = {isa = PBXBuildFile; fileRef = 0F1A3FE12427A3ED00BD3DD6 /* MidiPlayer.swift */; };
		0F1A3FE62427A45700BD3DD6 /* MidiPlayer.m in Sources */ = {isa = PBXBuildFile; fileRef = 0F1A3FE52427A45700BD3DD6 /* MidiPlayer.m */; };
		0F1A3FED2427ACB900BD3DD6 /* AudioUnitMIDISynth.swift in Sources */ = {isa = PBXBuildFile; fileRef = 0F1A3FEB2427ACB900BD3DD6 /* AudioUnitMIDISynth.swift */; };
		0F1A3FEE2427ACB900BD3DD6 /* AudioUtils.swift in Sources */ = {isa = PBXBuildFile; fileRef = 0F1A3FEC2427ACB900BD3DD6 /* AudioUtils.swift */; };
		0FDE4FF223F4960C000C63C9 /* PickerViewManager.swift in Sources */ = {isa = PBXBuildFile; fileRef = 0FDE4FF123F4960C000C63C9 /* PickerViewManager.swift */; };
		9C1EBD6B305018380C05F112 /* libPods-horizontalPicker.a in Frameworks */ = {isa = PBXBuildFile; fileRef = 39CE0A984576398639DBA84A /* libPods-horizontalPicker.a */; };
		CE40402723F53BB800D91836 /* PickerViewManager.m in Sources */ = {isa = PBXBuildFile; fileRef = CE40402623F53BB800D91836 /* PickerViewManager.m */; };
		CED4298B23F5446D003AA4C2 /* PickerVC.swift in Sources */ = {isa = PBXBuildFile; fileRef = CED4298923F5446D003AA4C2 /* PickerVC.swift */; };
		CED4298C23F5446D003AA4C2 /* PickerVC.xib in Resources */ = {isa = PBXBuildFile; fileRef = CED4298A23F5446D003AA4C2 /* PickerVC.xib */; };
		CED429F623F5628E003AA4C2 /* PickerView.swift in Sources */ = {isa = PBXBuildFile; fileRef = CED429F523F5628E003AA4C2 /* PickerView.swift */; };
/* End PBXBuildFile section */

/* Begin PBXFileReference section */
		00E356F11AD99517003FC87E /* Info.plist */ = {isa = PBXFileReference; lastKnownFileType = text.plist.xml; path = Info.plist; sourceTree = "<group>"; };
		00E356F21AD99517003FC87E /* horizontalPickerTests.m */ = {isa = PBXFileReference; lastKnownFileType = sourcecode.c.objc; path = horizontalPickerTests.m; sourceTree = "<group>"; };
		0F1A3FE12427A3ED00BD3DD6 /* MidiPlayer.swift */ = {isa = PBXFileReference; lastKnownFileType = sourcecode.swift; path = MidiPlayer.swift; sourceTree = "<group>"; };
		0F1A3FE52427A45700BD3DD6 /* MidiPlayer.m */ = {isa = PBXFileReference; lastKnownFileType = sourcecode.c.objc; path = MidiPlayer.m; sourceTree = "<group>"; };
		0F1A3FEB2427ACB900BD3DD6 /* AudioUnitMIDISynth.swift */ = {isa = PBXFileReference; fileEncoding = 4; lastKnownFileType = sourcecode.swift; path = AudioUnitMIDISynth.swift; sourceTree = "<group>"; };
		0F1A3FEC2427ACB900BD3DD6 /* AudioUtils.swift */ = {isa = PBXFileReference; fileEncoding = 4; lastKnownFileType = sourcecode.swift; path = AudioUtils.swift; sourceTree = "<group>"; };
		0FDE4FF023F4960C000C63C9 /* horizontalPicker-Bridging-Header.h */ = {isa = PBXFileReference; lastKnownFileType = sourcecode.c.h; path = "horizontalPicker-Bridging-Header.h"; sourceTree = "<group>"; };
		0FDE4FF123F4960C000C63C9 /* PickerViewManager.swift */ = {isa = PBXFileReference; lastKnownFileType = sourcecode.swift; path = PickerViewManager.swift; sourceTree = "<group>"; };
		13B07F961A680F5B00A75B9A /* horizontalPicker.app */ = {isa = PBXFileReference; explicitFileType = wrapper.application; includeInIndex = 0; path = horizontalPicker.app; sourceTree = BUILT_PRODUCTS_DIR; };
		39CE0A984576398639DBA84A /* libPods-horizontalPicker.a */ = {isa = PBXFileReference; explicitFileType = archive.ar; includeInIndex = 0; path = "libPods-horizontalPicker.a"; sourceTree = BUILT_PRODUCTS_DIR; };
		48D59B7094764054CE20F875 /* Pods-horizontalPicker-tvOS.release.xcconfig */ = {isa = PBXFileReference; includeInIndex = 1; lastKnownFileType = text.xcconfig; name = "Pods-horizontalPicker-tvOS.release.xcconfig"; path = "Target Support Files/Pods-horizontalPicker-tvOS/Pods-horizontalPicker-tvOS.release.xcconfig"; sourceTree = "<group>"; };
		4E8986873B6A3D3C00C4268F /* libPods-horizontalPicker-tvOS.a */ = {isa = PBXFileReference; explicitFileType = archive.ar; includeInIndex = 0; path = "libPods-horizontalPicker-tvOS.a"; sourceTree = BUILT_PRODUCTS_DIR; };
		5DEBF99C9566143707793DED /* Pods-horizontalPicker.release.xcconfig */ = {isa = PBXFileReference; includeInIndex = 1; lastKnownFileType = text.xcconfig; name = "Pods-horizontalPicker.release.xcconfig"; path = "Target Support Files/Pods-horizontalPicker/Pods-horizontalPicker.release.xcconfig"; sourceTree = "<group>"; };
		7EC2E367B2F4E4FC46B15780 /* Pods-horizontalPicker-tvOS.debug.xcconfig */ = {isa = PBXFileReference; includeInIndex = 1; lastKnownFileType = text.xcconfig; name = "Pods-horizontalPicker-tvOS.debug.xcconfig"; path = "Target Support Files/Pods-horizontalPicker-tvOS/Pods-horizontalPicker-tvOS.debug.xcconfig"; sourceTree = "<group>"; };
		8E9C2B590FD72DC675C95791 /* Pods-horizontalPickerTests.debug.xcconfig */ = {isa = PBXFileReference; includeInIndex = 1; lastKnownFileType = text.xcconfig; name = "Pods-horizontalPickerTests.debug.xcconfig"; path = "Target Support Files/Pods-horizontalPickerTests/Pods-horizontalPickerTests.debug.xcconfig"; sourceTree = "<group>"; };
		93FF40876358985115CA65DF /* libPods-horizontalPicker-tvOSTests.a */ = {isa = PBXFileReference; explicitFileType = archive.ar; includeInIndex = 0; path = "libPods-horizontalPicker-tvOSTests.a"; sourceTree = BUILT_PRODUCTS_DIR; };
		A42D03CFDBA26F71AEBC6DD4 /* Pods-horizontalPicker.debug.xcconfig */ = {isa = PBXFileReference; includeInIndex = 1; lastKnownFileType = text.xcconfig; name = "Pods-horizontalPicker.debug.xcconfig"; path = "Target Support Files/Pods-horizontalPicker/Pods-horizontalPicker.debug.xcconfig"; sourceTree = "<group>"; };
		B7889931B1BD9CDFBD214D36 /* libPods-horizontalPickerTests.a */ = {isa = PBXFileReference; explicitFileType = archive.ar; includeInIndex = 0; path = "libPods-horizontalPickerTests.a"; sourceTree = BUILT_PRODUCTS_DIR; };
		BC2EDBA6985CB93D4733FD5B /* Pods-horizontalPicker-tvOSTests.release.xcconfig */ = {isa = PBXFileReference; includeInIndex = 1; lastKnownFileType = text.xcconfig; name = "Pods-horizontalPicker-tvOSTests.release.xcconfig"; path = "Target Support Files/Pods-horizontalPicker-tvOSTests/Pods-horizontalPicker-tvOSTests.release.xcconfig"; sourceTree = "<group>"; };
		CE40402623F53BB800D91836 /* PickerViewManager.m */ = {isa = PBXFileReference; lastKnownFileType = sourcecode.c.objc; path = PickerViewManager.m; sourceTree = "<group>"; };
		CED4298923F5446D003AA4C2 /* PickerVC.swift */ = {isa = PBXFileReference; lastKnownFileType = sourcecode.swift; path = PickerVC.swift; sourceTree = "<group>"; };
		CED4298A23F5446D003AA4C2 /* PickerVC.xib */ = {isa = PBXFileReference; lastKnownFileType = file.xib; path = PickerVC.xib; sourceTree = "<group>"; };
		CED429F523F5628E003AA4C2 /* PickerView.swift */ = {isa = PBXFileReference; lastKnownFileType = sourcecode.swift; path = PickerView.swift; sourceTree = "<group>"; };
		DC83AF14E60176E3A8D4EC2A /* Pods-horizontalPicker-tvOSTests.debug.xcconfig */ = {isa = PBXFileReference; includeInIndex = 1; lastKnownFileType = text.xcconfig; name = "Pods-horizontalPicker-tvOSTests.debug.xcconfig"; path = "Target Support Files/Pods-horizontalPicker-tvOSTests/Pods-horizontalPicker-tvOSTests.debug.xcconfig"; sourceTree = "<group>"; };
		ED297162215061F000B7C4FE /* JavaScriptCore.framework */ = {isa = PBXFileReference; lastKnownFileType = wrapper.framework; name = JavaScriptCore.framework; path = System/Library/Frameworks/JavaScriptCore.framework; sourceTree = SDKROOT; };
		ED2971642150620600B7C4FE /* JavaScriptCore.framework */ = {isa = PBXFileReference; lastKnownFileType = wrapper.framework; name = JavaScriptCore.framework; path = Platforms/AppleTVOS.platform/Developer/SDKs/AppleTVOS12.0.sdk/System/Library/Frameworks/JavaScriptCore.framework; sourceTree = DEVELOPER_DIR; };
		F8793657E9A7DB567D234230 /* Pods-horizontalPickerTests.release.xcconfig */ = {isa = PBXFileReference; includeInIndex = 1; lastKnownFileType = text.xcconfig; name = "Pods-horizontalPickerTests.release.xcconfig"; path = "Target Support Files/Pods-horizontalPickerTests/Pods-horizontalPickerTests.release.xcconfig"; sourceTree = "<group>"; };
/* End PBXFileReference section */

/* Begin PBXFrameworksBuildPhase section */
		13B07F8C1A680F5B00A75B9A /* Frameworks */ = {
			isa = PBXFrameworksBuildPhase;
			buildActionMask = 2147483647;
			files = (
				9C1EBD6B305018380C05F112 /* libPods-horizontalPicker.a in Frameworks */,
			);
			runOnlyForDeploymentPostprocessing = 0;
		};
/* End PBXFrameworksBuildPhase section */

/* Begin PBXGroup section */
		00E356EF1AD99517003FC87E /* horizontalPickerTests */ = {
			isa = PBXGroup;
			children = (
				00E356F21AD99517003FC87E /* horizontalPickerTests.m */,
				00E356F01AD99517003FC87E /* Supporting Files */,
			);
			path = horizontalPickerTests;
			sourceTree = "<group>";
		};
		00E356F01AD99517003FC87E /* Supporting Files */ = {
			isa = PBXGroup;
			children = (
				00E356F11AD99517003FC87E /* Info.plist */,
			);
			name = "Supporting Files";
			sourceTree = "<group>";
		};
		0F1A3FE02427A3DA00BD3DD6 /* Midi */ = {
			isa = PBXGroup;
			children = (
				0F1A3FEB2427ACB900BD3DD6 /* AudioUnitMIDISynth.swift */,
				0F1A3FEC2427ACB900BD3DD6 /* AudioUtils.swift */,
				0F1A3FE12427A3ED00BD3DD6 /* MidiPlayer.swift */,
				0F1A3FE52427A45700BD3DD6 /* MidiPlayer.m */,
			);
			path = Midi;
			sourceTree = "<group>";
		};
		0FDE4FEF23F495A0000C63C9 /* native */ = {
			isa = PBXGroup;
			children = (
				0F1A3FE02427A3DA00BD3DD6 /* Midi */,
				CED4298823F54424003AA4C2 /* Picker */,
				0FDE4FF123F4960C000C63C9 /* PickerViewManager.swift */,
				0FDE4FF023F4960C000C63C9 /* horizontalPicker-Bridging-Header.h */,
				CE40402623F53BB800D91836 /* PickerViewManager.m */,
			);
			path = native;
			sourceTree = "<group>";
		};
		13B07FAE1A68108700A75B9A /* horizontalPicker */ = {
			isa = PBXGroup;
			children = (
				0FDE4FEF23F495A0000C63C9 /* native */,
			);
			name = horizontalPicker;
			sourceTree = "<group>";
		};
		2D16E6871FA4F8E400B85C8A /* Frameworks */ = {
			isa = PBXGroup;
			children = (
				ED297162215061F000B7C4FE /* JavaScriptCore.framework */,
				ED2971642150620600B7C4FE /* JavaScriptCore.framework */,
				39CE0A984576398639DBA84A /* libPods-horizontalPicker.a */,
				4E8986873B6A3D3C00C4268F /* libPods-horizontalPicker-tvOS.a */,
				93FF40876358985115CA65DF /* libPods-horizontalPicker-tvOSTests.a */,
				B7889931B1BD9CDFBD214D36 /* libPods-horizontalPickerTests.a */,
			);
			name = Frameworks;
			sourceTree = "<group>";
		};
		832341AE1AAA6A7D00B99B32 /* Libraries */ = {
			isa = PBXGroup;
			children = (
			);
			name = Libraries;
			sourceTree = "<group>";
		};
		83CBB9F61A601CBA00E9B192 = {
			isa = PBXGroup;
			children = (
				13B07FAE1A68108700A75B9A /* horizontalPicker */,
				832341AE1AAA6A7D00B99B32 /* Libraries */,
				00E356EF1AD99517003FC87E /* horizontalPickerTests */,
				83CBBA001A601CBA00E9B192 /* Products */,
				2D16E6871FA4F8E400B85C8A /* Frameworks */,
				988CEE9DBC0B0F30AB5C0DAD /* Pods */,
			);
			indentWidth = 2;
			sourceTree = "<group>";
			tabWidth = 2;
			usesTabs = 0;
		};
		83CBBA001A601CBA00E9B192 /* Products */ = {
			isa = PBXGroup;
			children = (
				13B07F961A680F5B00A75B9A /* horizontalPicker.app */,
			);
			name = Products;
			sourceTree = "<group>";
		};
		988CEE9DBC0B0F30AB5C0DAD /* Pods */ = {
			isa = PBXGroup;
			children = (
				A42D03CFDBA26F71AEBC6DD4 /* Pods-horizontalPicker.debug.xcconfig */,
				5DEBF99C9566143707793DED /* Pods-horizontalPicker.release.xcconfig */,
				7EC2E367B2F4E4FC46B15780 /* Pods-horizontalPicker-tvOS.debug.xcconfig */,
				48D59B7094764054CE20F875 /* Pods-horizontalPicker-tvOS.release.xcconfig */,
				DC83AF14E60176E3A8D4EC2A /* Pods-horizontalPicker-tvOSTests.debug.xcconfig */,
				BC2EDBA6985CB93D4733FD5B /* Pods-horizontalPicker-tvOSTests.release.xcconfig */,
				8E9C2B590FD72DC675C95791 /* Pods-horizontalPickerTests.debug.xcconfig */,
				F8793657E9A7DB567D234230 /* Pods-horizontalPickerTests.release.xcconfig */,
			);
			path = Pods;
			sourceTree = "<group>";
		};
		CED4298823F54424003AA4C2 /* Picker */ = {
			isa = PBXGroup;
			children = (
				CED4298923F5446D003AA4C2 /* PickerVC.swift */,
				CED4298A23F5446D003AA4C2 /* PickerVC.xib */,
				CED429F523F5628E003AA4C2 /* PickerView.swift */,
			);
			path = Picker;
			sourceTree = "<group>";
		};
/* End PBXGroup section */

/* Begin PBXNativeTarget section */
		13B07F861A680F5B00A75B9A /* horizontalPicker */ = {
			isa = PBXNativeTarget;
			buildConfigurationList = 13B07F931A680F5B00A75B9A /* Build configuration list for PBXNativeTarget "horizontalPicker" */;
			buildPhases = (
				F3E1A29094C18CF06E1122F0 /* [CP] Check Pods Manifest.lock */,
				FD10A7F022414F080027D42C /* Start Packager */,
				13B07F871A680F5B00A75B9A /* Sources */,
				13B07F8C1A680F5B00A75B9A /* Frameworks */,
				13B07F8E1A680F5B00A75B9A /* Resources */,
				00DD1BFF1BD5951E006B06BC /* Bundle React Native code and images */,
			);
			buildRules = (
			);
			dependencies = (
			);
			name = horizontalPicker;
			productName = horizontalPicker;
			productReference = 13B07F961A680F5B00A75B9A /* horizontalPicker.app */;
			productType = "com.apple.product-type.application";
		};
/* End PBXNativeTarget section */

/* Begin PBXProject section */
		83CBB9F71A601CBA00E9B192 /* Project object */ = {
			isa = PBXProject;
			attributes = {
				LastUpgradeCheck = 0940;
				ORGANIZATIONNAME = Facebook;
				TargetAttributes = {
					13B07F861A680F5B00A75B9A = {
						DevelopmentTeam = Y63N9XNQJX;
						LastSwiftMigration = 1130;
					};
				};
			};
			buildConfigurationList = 83CBB9FA1A601CBA00E9B192 /* Build configuration list for PBXProject "horizontalPicker" */;
			compatibilityVersion = "Xcode 3.2";
			developmentRegion = English;
			hasScannedForEncodings = 0;
			knownRegions = (
				English,
				en,
				Base,
			);
			mainGroup = 83CBB9F61A601CBA00E9B192;
			productRefGroup = 83CBBA001A601CBA00E9B192 /* Products */;
			projectDirPath = "";
			projectRoot = "";
			targets = (
				13B07F861A680F5B00A75B9A /* horizontalPicker */,
			);
		};
/* End PBXProject section */

/* Begin PBXResourcesBuildPhase section */
		13B07F8E1A680F5B00A75B9A /* Resources */ = {
			isa = PBXResourcesBuildPhase;
			buildActionMask = 2147483647;
			files = (
				CED4298C23F5446D003AA4C2 /* PickerVC.xib in Resources */,
			);
			runOnlyForDeploymentPostprocessing = 0;
		};
/* End PBXResourcesBuildPhase section */

/* Begin PBXShellScriptBuildPhase section */
		00DD1BFF1BD5951E006B06BC /* Bundle React Native code and images */ = {
			isa = PBXShellScriptBuildPhase;
			buildActionMask = 2147483647;
			files = (
			);
			inputPaths = (
			);
			name = "Bundle React Native code and images";
			outputPaths = (
			);
			runOnlyForDeploymentPostprocessing = 0;
			shellPath = /bin/sh;
			shellScript = "export NODE_BINARY=node\n../node_modules/react-native/scripts/react-native-xcode.sh";
		};
		F3E1A29094C18CF06E1122F0 /* [CP] Check Pods Manifest.lock */ = {
			isa = PBXShellScriptBuildPhase;
			buildActionMask = 2147483647;
			files = (
			);
			inputFileListPaths = (
			);
			inputPaths = (
				"${PODS_PODFILE_DIR_PATH}/Podfile.lock",
				"${PODS_ROOT}/Manifest.lock",
			);
			name = "[CP] Check Pods Manifest.lock";
			outputFileListPaths = (
			);
			outputPaths = (
				"$(DERIVED_FILE_DIR)/Pods-horizontalPicker-checkManifestLockResult.txt",
			);
			runOnlyForDeploymentPostprocessing = 0;
			shellPath = /bin/sh;
			shellScript = "diff \"${PODS_PODFILE_DIR_PATH}/Podfile.lock\" \"${PODS_ROOT}/Manifest.lock\" > /dev/null\nif [ $? != 0 ] ; then\n    # print error to STDERR\n    echo \"error: The sandbox is not in sync with the Podfile.lock. Run 'pod install' or update your CocoaPods installation.\" >&2\n    exit 1\nfi\n# This output is used by Xcode 'outputs' to avoid re-running this script phase.\necho \"SUCCESS\" > \"${SCRIPT_OUTPUT_FILE_0}\"\n";
			showEnvVarsInLog = 0;
		};
		FD10A7F022414F080027D42C /* Start Packager */ = {
			isa = PBXShellScriptBuildPhase;
			buildActionMask = 2147483647;
			files = (
			);
			inputFileListPaths = (
			);
			inputPaths = (
			);
			name = "Start Packager";
			outputFileListPaths = (
			);
			outputPaths = (
			);
			runOnlyForDeploymentPostprocessing = 0;
			shellPath = /bin/sh;
			shellScript = "export RCT_METRO_PORT=\"${RCT_METRO_PORT:=8081}\"\necho \"export RCT_METRO_PORT=${RCT_METRO_PORT}\" > \"${SRCROOT}/../node_modules/react-native/scripts/.packager.env\"\nif [ -z \"${RCT_NO_LAUNCH_PACKAGER+xxx}\" ] ; then\n  if nc -w 5 -z localhost ${RCT_METRO_PORT} ; then\n    if ! curl -s \"http://localhost:${RCT_METRO_PORT}/status\" | grep -q \"packager-status:running\" ; then\n      echo \"Port ${RCT_METRO_PORT} already in use, packager is either not running or not running correctly\"\n      exit 2\n    fi\n  else\n    open \"$SRCROOT/../node_modules/react-native/scripts/launchPackager.command\" || echo \"Can't start packager automatically\"\n  fi\nfi\n";
			showEnvVarsInLog = 0;
		};
/* End PBXShellScriptBuildPhase section */

/* Begin PBXSourcesBuildPhase section */
		13B07F871A680F5B00A75B9A /* Sources */ = {
			isa = PBXSourcesBuildPhase;
			buildActionMask = 2147483647;
			files = (
				0F1A3FE22427A3ED00BD3DD6 /* MidiPlayer.swift in Sources */,
				CED4298B23F5446D003AA4C2 /* PickerVC.swift in Sources */,
				0FDE4FF223F4960C000C63C9 /* PickerViewManager.swift in Sources */,
				0F1A3FED2427ACB900BD3DD6 /* AudioUnitMIDISynth.swift in Sources */,
				0F1A3FE62427A45700BD3DD6 /* MidiPlayer.m in Sources */,
				CED429F623F5628E003AA4C2 /* PickerView.swift in Sources */,
				0F1A3FEE2427ACB900BD3DD6 /* AudioUtils.swift in Sources */,
				CE40402723F53BB800D91836 /* PickerViewManager.m in Sources */,
			);
			runOnlyForDeploymentPostprocessing = 0;
		};
/* End PBXSourcesBuildPhase section */

/* Begin XCBuildConfiguration section */
		13B07F941A680F5B00A75B9A /* Debug */ = {
			isa = XCBuildConfiguration;
			baseConfigurationReference = A42D03CFDBA26F71AEBC6DD4 /* Pods-horizontalPicker.debug.xcconfig */;
			buildSettings = {
				ASSETCATALOG_COMPILER_APPICON_NAME = AppIcon;
				CLANG_ENABLE_MODULES = YES;
				CURRENT_PROJECT_VERSION = 1;
				DEAD_CODE_STRIPPING = NO;
				DEVELOPMENT_TEAM = Y63N9XNQJX;
				INFOPLIST_FILE = horizontalPicker/Info.plist;
				LD_RUNPATH_SEARCH_PATHS = "$(inherited) @executable_path/Frameworks";
				OTHER_LDFLAGS = (
					"$(inherited)",
					"-ObjC",
					"-lc++",
				);
				PRODUCT_BUNDLE_IDENTIFIER = com.vb.horizontalPicker;
				PRODUCT_NAME = horizontalPicker;
				SWIFT_OBJC_BRIDGING_HEADER = "native/horizontalPicker-Bridging-Header.h";
				SWIFT_OPTIMIZATION_LEVEL = "-Onone";
				SWIFT_VERSION = 5.0;
				TARGETED_DEVICE_FAMILY = "1,2";
				VERSIONING_SYSTEM = "apple-generic";
			};
			name = Debug;
		};
		13B07F951A680F5B00A75B9A /* Release */ = {
			isa = XCBuildConfiguration;
			baseConfigurationReference = 5DEBF99C9566143707793DED /* Pods-horizontalPicker.release.xcconfig */;
			buildSettings = {
				ASSETCATALOG_COMPILER_APPICON_NAME = AppIcon;
				CLANG_ENABLE_MODULES = YES;
				CURRENT_PROJECT_VERSION = 1;
				DEVELOPMENT_TEAM = Y63N9XNQJX;
				INFOPLIST_FILE = horizontalPicker/Info.plist;
				LD_RUNPATH_SEARCH_PATHS = "$(inherited) @executable_path/Frameworks";
				OTHER_LDFLAGS = (
					"$(inherited)",
					"-ObjC",
					"-lc++",
				);
				PRODUCT_BUNDLE_IDENTIFIER = com.vb.horizontalPicker;
				PRODUCT_NAME = horizontalPicker;
				SWIFT_OBJC_BRIDGING_HEADER = "native/horizontalPicker-Bridging-Header.h";
				SWIFT_VERSION = 5.0;
				TARGETED_DEVICE_FAMILY = "1,2";
				VERSIONING_SYSTEM = "apple-generic";
			};
			name = Release;
		};
		83CBBA201A601CBA00E9B192 /* Debug */ = {
			isa = XCBuildConfiguration;
			buildSettings = {
				ALWAYS_SEARCH_USER_PATHS = NO;
				CLANG_CXX_LANGUAGE_STANDARD = "gnu++0x";
				CLANG_CXX_LIBRARY = "libc++";
				CLANG_ENABLE_MODULES = YES;
				CLANG_ENABLE_OBJC_ARC = YES;
				CLANG_WARN_BLOCK_CAPTURE_AUTORELEASING = YES;
				CLANG_WARN_BOOL_CONVERSION = YES;
				CLANG_WARN_COMMA = YES;
				CLANG_WARN_CONSTANT_CONVERSION = YES;
				CLANG_WARN_DEPRECATED_OBJC_IMPLEMENTATIONS = YES;
				CLANG_WARN_DIRECT_OBJC_ISA_USAGE = YES_ERROR;
				CLANG_WARN_EMPTY_BODY = YES;
				CLANG_WARN_ENUM_CONVERSION = YES;
				CLANG_WARN_INFINITE_RECURSION = YES;
				CLANG_WARN_INT_CONVERSION = YES;
				CLANG_WARN_NON_LITERAL_NULL_CONVERSION = YES;
				CLANG_WARN_OBJC_IMPLICIT_RETAIN_SELF = YES;
				CLANG_WARN_OBJC_LITERAL_CONVERSION = YES;
				CLANG_WARN_OBJC_ROOT_CLASS = YES_ERROR;
				CLANG_WARN_RANGE_LOOP_ANALYSIS = YES;
				CLANG_WARN_STRICT_PROTOTYPES = YES;
				CLANG_WARN_SUSPICIOUS_MOVE = YES;
				CLANG_WARN_UNREACHABLE_CODE = YES;
				CLANG_WARN__DUPLICATE_METHOD_MATCH = YES;
				"CODE_SIGN_IDENTITY[sdk=iphoneos*]" = "iPhone Developer";
				COPY_PHASE_STRIP = NO;
				ENABLE_STRICT_OBJC_MSGSEND = YES;
				ENABLE_TESTABILITY = YES;
				GCC_C_LANGUAGE_STANDARD = gnu99;
				GCC_DYNAMIC_NO_PIC = NO;
				GCC_NO_COMMON_BLOCKS = YES;
				GCC_OPTIMIZATION_LEVEL = 0;
				GCC_PREPROCESSOR_DEFINITIONS = (
					"DEBUG=1",
					"$(inherited)",
				);
				GCC_SYMBOLS_PRIVATE_EXTERN = NO;
				GCC_WARN_64_TO_32_BIT_CONVERSION = YES;
				GCC_WARN_ABOUT_RETURN_TYPE = YES_ERROR;
				GCC_WARN_UNDECLARED_SELECTOR = YES;
				GCC_WARN_UNINITIALIZED_AUTOS = YES_AGGRESSIVE;
				GCC_WARN_UNUSED_FUNCTION = YES;
				GCC_WARN_UNUSED_VARIABLE = YES;
				IPHONEOS_DEPLOYMENT_TARGET = 9.0;
				MTL_ENABLE_DEBUG_INFO = YES;
				ONLY_ACTIVE_ARCH = YES;
				SDKROOT = iphoneos;
			};
			name = Debug;
		};
		83CBBA211A601CBA00E9B192 /* Release */ = {
			isa = XCBuildConfiguration;
			buildSettings = {
				ALWAYS_SEARCH_USER_PATHS = NO;
				CLANG_CXX_LANGUAGE_STANDARD = "gnu++0x";
				CLANG_CXX_LIBRARY = "libc++";
				CLANG_ENABLE_MODULES = YES;
				CLANG_ENABLE_OBJC_ARC = YES;
				CLANG_WARN_BLOCK_CAPTURE_AUTORELEASING = YES;
				CLANG_WARN_BOOL_CONVERSION = YES;
				CLANG_WARN_COMMA = YES;
				CLANG_WARN_CONSTANT_CONVERSION = YES;
				CLANG_WARN_DEPRECATED_OBJC_IMPLEMENTATIONS = YES;
				CLANG_WARN_DIRECT_OBJC_ISA_USAGE = YES_ERROR;
				CLANG_WARN_EMPTY_BODY = YES;
				CLANG_WARN_ENUM_CONVERSION = YES;
				CLANG_WARN_INFINITE_RECURSION = YES;
				CLANG_WARN_INT_CONVERSION = YES;
				CLANG_WARN_NON_LITERAL_NULL_CONVERSION = YES;
				CLANG_WARN_OBJC_IMPLICIT_RETAIN_SELF = YES;
				CLANG_WARN_OBJC_LITERAL_CONVERSION = YES;
				CLANG_WARN_OBJC_ROOT_CLASS = YES_ERROR;
				CLANG_WARN_RANGE_LOOP_ANALYSIS = YES;
				CLANG_WARN_STRICT_PROTOTYPES = YES;
				CLANG_WARN_SUSPICIOUS_MOVE = YES;
				CLANG_WARN_UNREACHABLE_CODE = YES;
				CLANG_WARN__DUPLICATE_METHOD_MATCH = YES;
				"CODE_SIGN_IDENTITY[sdk=iphoneos*]" = "iPhone Developer";
				COPY_PHASE_STRIP = YES;
				ENABLE_NS_ASSERTIONS = NO;
				ENABLE_STRICT_OBJC_MSGSEND = YES;
				GCC_C_LANGUAGE_STANDARD = gnu99;
				GCC_NO_COMMON_BLOCKS = YES;
				GCC_WARN_64_TO_32_BIT_CONVERSION = YES;
				GCC_WARN_ABOUT_RETURN_TYPE = YES_ERROR;
				GCC_WARN_UNDECLARED_SELECTOR = YES;
				GCC_WARN_UNINITIALIZED_AUTOS = YES_AGGRESSIVE;
				GCC_WARN_UNUSED_FUNCTION = YES;
				GCC_WARN_UNUSED_VARIABLE = YES;
				IPHONEOS_DEPLOYMENT_TARGET = 9.0;
				MTL_ENABLE_DEBUG_INFO = NO;
				SDKROOT = iphoneos;
				VALIDATE_PRODUCT = YES;
			};
			name = Release;
		};
/* End XCBuildConfiguration section */

/* Begin XCConfigurationList section */
		13B07F931A680F5B00A75B9A /* Build configuration list for PBXNativeTarget "horizontalPicker" */ = {
			isa = XCConfigurationList;
			buildConfigurations = (
				13B07F941A680F5B00A75B9A /* Debug */,
				13B07F951A680F5B00A75B9A /* Release */,
			);
			defaultConfigurationIsVisible = 0;
			defaultConfigurationName = Release;
		};
		83CBB9FA1A601CBA00E9B192 /* Build configuration list for PBXProject "horizontalPicker" */ = {
			isa = XCConfigurationList;
			buildConfigurations = (
				83CBBA201A601CBA00E9B192 /* Debug */,
				83CBBA211A601CBA00E9B192 /* Release */,
			);
			defaultConfigurationIsVisible = 0;
			defaultConfigurationName = Release;
		};
/* End XCConfigurationList section */
	};
	rootObject = 83CBB9F71A601CBA00E9B192 /* Project object */;
}
